// !$*UTF8*$!
{
	archiveVersion = 1;
	classes = {
	};
	objectVersion = 51;
	objects = {

/* Begin PBXBuildFile section */
		29CA651F672D02CF16466611 /* Pods_Bankaks_Bill_Payment_Assessment.framework in Frameworks */ = {isa = PBXBuildFile; fileRef = F59D29EF7FC53D9D25BF77F1 /* Pods_Bankaks_Bill_Payment_Assessment.framework */; };
		6E3E98362573BDE0008462A3 /* AppDelegate.swift in Sources */ = {isa = PBXBuildFile; fileRef = 6E3E98352573BDE0008462A3 /* AppDelegate.swift */; };
		6E3E98382573BDE0008462A3 /* SceneDelegate.swift in Sources */ = {isa = PBXBuildFile; fileRef = 6E3E98372573BDE0008462A3 /* SceneDelegate.swift */; };
		6E3E983D2573BDE0008462A3 /* Main.storyboard in Resources */ = {isa = PBXBuildFile; fileRef = 6E3E983B2573BDE0008462A3 /* Main.storyboard */; };
		6E3E983F2573BDE4008462A3 /* Assets.xcassets in Resources */ = {isa = PBXBuildFile; fileRef = 6E3E983E2573BDE4008462A3 /* Assets.xcassets */; };
		6E3E98422573BDE4008462A3 /* LaunchScreen.storyboard in Resources */ = {isa = PBXBuildFile; fileRef = 6E3E98402573BDE4008462A3 /* LaunchScreen.storyboard */; };
		6E3E985225758CA9008462A3 /* ServiceCell.swift in Sources */ = {isa = PBXBuildFile; fileRef = 6E3E985025758CA9008462A3 /* ServiceCell.swift */; };
		6E3E985325758CA9008462A3 /* ServiceCell.xib in Resources */ = {isa = PBXBuildFile; fileRef = 6E3E985125758CA9008462A3 /* ServiceCell.xib */; };
		6E3E985725758F59008462A3 /* InputTextCell.swift in Sources */ = {isa = PBXBuildFile; fileRef = 6E3E985525758F59008462A3 /* InputTextCell.swift */; };
		6E3E985825758F59008462A3 /* InputTextCell.xib in Resources */ = {isa = PBXBuildFile; fileRef = 6E3E985625758F59008462A3 /* InputTextCell.xib */; };
		6E57E65A2576576F006CEAC7 /* ServicesViewModel.swift in Sources */ = {isa = PBXBuildFile; fileRef = 6E57E6592576576F006CEAC7 /* ServicesViewModel.swift */; };
		6E57E65D25765793006CEAC7 /* BillViewModel.swift in Sources */ = {isa = PBXBuildFile; fileRef = 6E57E65C25765793006CEAC7 /* BillViewModel.swift */; };
		6E57E67725765CC5006CEAC7 /* TableViewExtension.swift in Sources */ = {isa = PBXBuildFile; fileRef = 6E57E67625765CC5006CEAC7 /* TableViewExtension.swift */; };
		6E57E67E25765F78006CEAC7 /* ServicesViewController.swift in Sources */ = {isa = PBXBuildFile; fileRef = 6E57E67D25765F78006CEAC7 /* ServicesViewController.swift */; };
		6E57E68225766110006CEAC7 /* Service.swift in Sources */ = {isa = PBXBuildFile; fileRef = 6E57E68125766110006CEAC7 /* Service.swift */; };
		6E57E68525766511006CEAC7 /* Constants.swift in Sources */ = {isa = PBXBuildFile; fileRef = 6E57E68425766511006CEAC7 /* Constants.swift */; };
		6E57E6892576652A006CEAC7 /* BaseRequestProtocol.swift in Sources */ = {isa = PBXBuildFile; fileRef = 6E57E6882576652A006CEAC7 /* BaseRequestProtocol.swift */; };
		6E57E68C2576653A006CEAC7 /* NetworkPublisher.swift in Sources */ = {isa = PBXBuildFile; fileRef = 6E57E68B2576653A006CEAC7 /* NetworkPublisher.swift */; };
		6E57E69325766676006CEAC7 /* ApiBillClient.swift in Sources */ = {isa = PBXBuildFile; fileRef = 6E57E69225766676006CEAC7 /* ApiBillClient.swift */; };
		6E57E69A25766688006CEAC7 /* ApiBillRouter.swift in Sources */ = {isa = PBXBuildFile; fileRef = 6E57E69925766688006CEAC7 /* ApiBillRouter.swift */; };
		6E57E69E257666E0006CEAC7 /* Bill.swift in Sources */ = {isa = PBXBuildFile; fileRef = 6E57E69D257666E0006CEAC7 /* Bill.swift */; };
		6E57E6A625766BB0006CEAC7 /* BillField.swift in Sources */ = {isa = PBXBuildFile; fileRef = 6E57E6A525766BB0006CEAC7 /* BillField.swift */; };
		6E57E6A925766D28006CEAC7 /* FieldType.swift in Sources */ = {isa = PBXBuildFile; fileRef = 6E57E6A825766D28006CEAC7 /* FieldType.swift */; };
		6E57E6AC25766D3F006CEAC7 /* FieldUIType.swift in Sources */ = {isa = PBXBuildFile; fileRef = 6E57E6AB25766D3F006CEAC7 /* FieldUIType.swift */; };
		6E57E6AF25766DE5006CEAC7 /* DropDownValue.swift in Sources */ = {isa = PBXBuildFile; fileRef = 6E57E6AE25766DE5006CEAC7 /* DropDownValue.swift */; };
		6E57E6B225766FDD006CEAC7 /* BillViewController.swift in Sources */ = {isa = PBXBuildFile; fileRef = 6E57E6B125766FDD006CEAC7 /* BillViewController.swift */; };
		6E57E6B525767C57006CEAC7 /* UIViewControllerExtension.swift in Sources */ = {isa = PBXBuildFile; fileRef = 6E57E6B425767C57006CEAC7 /* UIViewControllerExtension.swift */; };
		6E57E6BC25767F18006CEAC7 /* DataRespond.swift in Sources */ = {isa = PBXBuildFile; fileRef = 6E57E6BB25767F18006CEAC7 /* DataRespond.swift */; };
/* End PBXBuildFile section */

/* Begin PBXFileReference section */
		6E3E98322573BDE0008462A3 /* Bankaks-Bill-Payment-Assessment.app */ = {isa = PBXFileReference; explicitFileType = wrapper.application; includeInIndex = 0; path = "Bankaks-Bill-Payment-Assessment.app"; sourceTree = BUILT_PRODUCTS_DIR; };
		6E3E98352573BDE0008462A3 /* AppDelegate.swift */ = {isa = PBXFileReference; lastKnownFileType = sourcecode.swift; path = AppDelegate.swift; sourceTree = "<group>"; };
		6E3E98372573BDE0008462A3 /* SceneDelegate.swift */ = {isa = PBXFileReference; lastKnownFileType = sourcecode.swift; path = SceneDelegate.swift; sourceTree = "<group>"; };
		6E3E983C2573BDE0008462A3 /* Base */ = {isa = PBXFileReference; lastKnownFileType = file.storyboard; name = Base; path = Base.lproj/Main.storyboard; sourceTree = "<group>"; };
		6E3E983E2573BDE4008462A3 /* Assets.xcassets */ = {isa = PBXFileReference; lastKnownFileType = folder.assetcatalog; path = Assets.xcassets; sourceTree = "<group>"; };
		6E3E98412573BDE4008462A3 /* Base */ = {isa = PBXFileReference; lastKnownFileType = file.storyboard; name = Base; path = Base.lproj/LaunchScreen.storyboard; sourceTree = "<group>"; };
		6E3E98432573BDE4008462A3 /* Info.plist */ = {isa = PBXFileReference; lastKnownFileType = text.plist.xml; path = Info.plist; sourceTree = "<group>"; };
		6E3E985025758CA9008462A3 /* ServiceCell.swift */ = {isa = PBXFileReference; lastKnownFileType = sourcecode.swift; path = ServiceCell.swift; sourceTree = "<group>"; };
		6E3E985125758CA9008462A3 /* ServiceCell.xib */ = {isa = PBXFileReference; lastKnownFileType = file.xib; path = ServiceCell.xib; sourceTree = "<group>"; };
		6E3E985525758F59008462A3 /* InputTextCell.swift */ = {isa = PBXFileReference; lastKnownFileType = sourcecode.swift; path = InputTextCell.swift; sourceTree = "<group>"; };
		6E3E985625758F59008462A3 /* InputTextCell.xib */ = {isa = PBXFileReference; lastKnownFileType = file.xib; path = InputTextCell.xib; sourceTree = "<group>"; };
		6E57E6592576576F006CEAC7 /* ServicesViewModel.swift */ = {isa = PBXFileReference; lastKnownFileType = sourcecode.swift; path = ServicesViewModel.swift; sourceTree = "<group>"; };
		6E57E65C25765793006CEAC7 /* BillViewModel.swift */ = {isa = PBXFileReference; lastKnownFileType = sourcecode.swift; path = BillViewModel.swift; sourceTree = "<group>"; };
		6E57E67625765CC5006CEAC7 /* TableViewExtension.swift */ = {isa = PBXFileReference; lastKnownFileType = sourcecode.swift; path = TableViewExtension.swift; sourceTree = "<group>"; };
		6E57E67D25765F78006CEAC7 /* ServicesViewController.swift */ = {isa = PBXFileReference; lastKnownFileType = sourcecode.swift; path = ServicesViewController.swift; sourceTree = "<group>"; };
		6E57E68125766110006CEAC7 /* Service.swift */ = {isa = PBXFileReference; lastKnownFileType = sourcecode.swift; path = Service.swift; sourceTree = "<group>"; };
		6E57E68425766511006CEAC7 /* Constants.swift */ = {isa = PBXFileReference; lastKnownFileType = sourcecode.swift; path = Constants.swift; sourceTree = "<group>"; };
		6E57E6882576652A006CEAC7 /* BaseRequestProtocol.swift */ = {isa = PBXFileReference; lastKnownFileType = sourcecode.swift; path = BaseRequestProtocol.swift; sourceTree = "<group>"; };
		6E57E68B2576653A006CEAC7 /* NetworkPublisher.swift */ = {isa = PBXFileReference; lastKnownFileType = sourcecode.swift; path = NetworkPublisher.swift; sourceTree = "<group>"; };
		6E57E69225766676006CEAC7 /* ApiBillClient.swift */ = {isa = PBXFileReference; lastKnownFileType = sourcecode.swift; path = ApiBillClient.swift; sourceTree = "<group>"; };
		6E57E69925766688006CEAC7 /* ApiBillRouter.swift */ = {isa = PBXFileReference; lastKnownFileType = sourcecode.swift; path = ApiBillRouter.swift; sourceTree = "<group>"; };
		6E57E69D257666E0006CEAC7 /* Bill.swift */ = {isa = PBXFileReference; lastKnownFileType = sourcecode.swift; path = Bill.swift; sourceTree = "<group>"; };
		6E57E6A525766BB0006CEAC7 /* BillField.swift */ = {isa = PBXFileReference; lastKnownFileType = sourcecode.swift; path = BillField.swift; sourceTree = "<group>"; };
		6E57E6A825766D28006CEAC7 /* FieldType.swift */ = {isa = PBXFileReference; lastKnownFileType = sourcecode.swift; path = FieldType.swift; sourceTree = "<group>"; };
		6E57E6AB25766D3F006CEAC7 /* FieldUIType.swift */ = {isa = PBXFileReference; lastKnownFileType = sourcecode.swift; path = FieldUIType.swift; sourceTree = "<group>"; };
		6E57E6AE25766DE5006CEAC7 /* DropDownValue.swift */ = {isa = PBXFileReference; lastKnownFileType = sourcecode.swift; path = DropDownValue.swift; sourceTree = "<group>"; };
		6E57E6B125766FDD006CEAC7 /* BillViewController.swift */ = {isa = PBXFileReference; lastKnownFileType = sourcecode.swift; path = BillViewController.swift; sourceTree = "<group>"; };
		6E57E6B425767C57006CEAC7 /* UIViewControllerExtension.swift */ = {isa = PBXFileReference; lastKnownFileType = sourcecode.swift; path = UIViewControllerExtension.swift; sourceTree = "<group>"; };
		6E57E6BB25767F18006CEAC7 /* DataRespond.swift */ = {isa = PBXFileReference; lastKnownFileType = sourcecode.swift; path = DataRespond.swift; sourceTree = "<group>"; };
		87126C6A5EF420DE0281263A /* Pods-Bankaks-Bill-Payment-Assessment.debug.xcconfig */ = {isa = PBXFileReference; includeInIndex = 1; lastKnownFileType = text.xcconfig; name = "Pods-Bankaks-Bill-Payment-Assessment.debug.xcconfig"; path = "Target Support Files/Pods-Bankaks-Bill-Payment-Assessment/Pods-Bankaks-Bill-Payment-Assessment.debug.xcconfig"; sourceTree = "<group>"; };
		D96ADF203549660632B14EF0 /* Pods-Bankaks-Bill-Payment-Assessment.release.xcconfig */ = {isa = PBXFileReference; includeInIndex = 1; lastKnownFileType = text.xcconfig; name = "Pods-Bankaks-Bill-Payment-Assessment.release.xcconfig"; path = "Target Support Files/Pods-Bankaks-Bill-Payment-Assessment/Pods-Bankaks-Bill-Payment-Assessment.release.xcconfig"; sourceTree = "<group>"; };
		F59D29EF7FC53D9D25BF77F1 /* Pods_Bankaks_Bill_Payment_Assessment.framework */ = {isa = PBXFileReference; explicitFileType = wrapper.framework; includeInIndex = 0; path = Pods_Bankaks_Bill_Payment_Assessment.framework; sourceTree = BUILT_PRODUCTS_DIR; };
/* End PBXFileReference section */

/* Begin PBXFrameworksBuildPhase section */
		6E3E982F2573BDE0008462A3 /* Frameworks */ = {
			isa = PBXFrameworksBuildPhase;
			buildActionMask = 2147483647;
			files = (
				29CA651F672D02CF16466611 /* Pods_Bankaks_Bill_Payment_Assessment.framework in Frameworks */,
			);
			runOnlyForDeploymentPostprocessing = 0;
		};
/* End PBXFrameworksBuildPhase section */

/* Begin PBXGroup section */
		2CFC18E03F5D0DD8C97E1EFF /* Pods */ = {
			isa = PBXGroup;
			children = (
				87126C6A5EF420DE0281263A /* Pods-Bankaks-Bill-Payment-Assessment.debug.xcconfig */,
				D96ADF203549660632B14EF0 /* Pods-Bankaks-Bill-Payment-Assessment.release.xcconfig */,
			);
			path = Pods;
			sourceTree = "<group>";
		};
		33A469929614C595F2EEE051 /* Frameworks */ = {
			isa = PBXGroup;
			children = (
				F59D29EF7FC53D9D25BF77F1 /* Pods_Bankaks_Bill_Payment_Assessment.framework */,
			);
			name = Frameworks;
			sourceTree = "<group>";
		};
		6E3E98292573BDE0008462A3 = {
			isa = PBXGroup;
			children = (
				6E3E98342573BDE0008462A3 /* Bankaks-Bill-Payment-Assessment */,
				6E3E98332573BDE0008462A3 /* Products */,
				2CFC18E03F5D0DD8C97E1EFF /* Pods */,
				33A469929614C595F2EEE051 /* Frameworks */,
			);
			sourceTree = "<group>";
		};
		6E3E98332573BDE0008462A3 /* Products */ = {
			isa = PBXGroup;
			children = (
				6E3E98322573BDE0008462A3 /* Bankaks-Bill-Payment-Assessment.app */,
			);
			name = Products;
			sourceTree = "<group>";
		};
		6E3E98342573BDE0008462A3 /* Bankaks-Bill-Payment-Assessment */ = {
			isa = PBXGroup;
			children = (
				6E3E98352573BDE0008462A3 /* AppDelegate.swift */,
				6E3E98372573BDE0008462A3 /* SceneDelegate.swift */,
				6E57E67525765CA1006CEAC7 /* Extensions */,
				6E3E984D2573D6F4008462A3 /* Controllers */,
				6E3E984C2573D6EB008462A3 /* ViewModels */,
				6E3E984B2573D6E4008462A3 /* Views */,
				6E3E984E2573D72F008462A3 /* API */,
				6E3E984A2573D6DB008462A3 /* Models */,
				6E3E98402573BDE4008462A3 /* LaunchScreen.storyboard */,
				6E3E983B2573BDE0008462A3 /* Main.storyboard */,
				6E3E983E2573BDE4008462A3 /* Assets.xcassets */,
				6E3E98432573BDE4008462A3 /* Info.plist */,
			);
			path = "Bankaks-Bill-Payment-Assessment";
			sourceTree = "<group>";
		};
		6E3E984A2573D6DB008462A3 /* Models */ = {
			isa = PBXGroup;
			children = (
				6E57E68125766110006CEAC7 /* Service.swift */,
				6E57E69D257666E0006CEAC7 /* Bill.swift */,
				6E57E6A525766BB0006CEAC7 /* BillField.swift */,
				6E57E6A825766D28006CEAC7 /* FieldType.swift */,
				6E57E6AB25766D3F006CEAC7 /* FieldUIType.swift */,
				6E57E6AE25766DE5006CEAC7 /* DropDownValue.swift */,
				6E57E6BB25767F18006CEAC7 /* DataRespond.swift */,
			);
			path = Models;
			sourceTree = "<group>";
		};
		6E3E984B2573D6E4008462A3 /* Views */ = {
			isa = PBXGroup;
			children = (
				6E3E985025758CA9008462A3 /* ServiceCell.swift */,
				6E3E985125758CA9008462A3 /* ServiceCell.xib */,
				6E3E985525758F59008462A3 /* InputTextCell.swift */,
				6E3E985625758F59008462A3 /* InputTextCell.xib */,
			);
			path = Views;
			sourceTree = "<group>";
		};
		6E3E984C2573D6EB008462A3 /* ViewModels */ = {
			isa = PBXGroup;
			children = (
				6E57E6592576576F006CEAC7 /* ServicesViewModel.swift */,
				6E57E65C25765793006CEAC7 /* BillViewModel.swift */,
			);
			path = ViewModels;
			sourceTree = "<group>";
		};
		6E3E984D2573D6F4008462A3 /* Controllers */ = {
			isa = PBXGroup;
			children = (
				6E57E67D25765F78006CEAC7 /* ServicesViewController.swift */,
				6E57E6B125766FDD006CEAC7 /* BillViewController.swift */,
			);
			path = Controllers;
			sourceTree = "<group>";
		};
		6E3E984E2573D72F008462A3 /* API */ = {
			isa = PBXGroup;
			children = (
				6E57E69C2576668B006CEAC7 /* BillPayment */,
				6E57E68425766511006CEAC7 /* Constants.swift */,
				6E57E6882576652A006CEAC7 /* BaseRequestProtocol.swift */,
				6E57E68B2576653A006CEAC7 /* NetworkPublisher.swift */,
			);
			path = API;
			sourceTree = "<group>";
		};
		6E57E67525765CA1006CEAC7 /* Extensions */ = {
			isa = PBXGroup;
			children = (
				6E57E67625765CC5006CEAC7 /* TableViewExtension.swift */,
				6E57E6B425767C57006CEAC7 /* UIViewControllerExtension.swift */,
			);
			path = Extensions;
			sourceTree = "<group>";
		};
		6E57E69C2576668B006CEAC7 /* BillPayment */ = {
			isa = PBXGroup;
			children = (
				6E57E69925766688006CEAC7 /* ApiBillRouter.swift */,
				6E57E69225766676006CEAC7 /* ApiBillClient.swift */,
			);
			path = BillPayment;
			sourceTree = "<group>";
		};
/* End PBXGroup section */

/* Begin PBXNativeTarget section */
		6E3E98312573BDE0008462A3 /* Bankaks-Bill-Payment-Assessment */ = {
			isa = PBXNativeTarget;
			buildConfigurationList = 6E3E98462573BDE4008462A3 /* Build configuration list for PBXNativeTarget "Bankaks-Bill-Payment-Assessment" */;
			buildPhases = (
				1A23410F35B71395FB4A9E51 /* [CP] Check Pods Manifest.lock */,
				6E3E982E2573BDE0008462A3 /* Sources */,
				6E3E982F2573BDE0008462A3 /* Frameworks */,
				6E3E98302573BDE0008462A3 /* Resources */,
				2523F0F3418BD0500997237A /* [CP] Embed Pods Frameworks */,
			);
			buildRules = (
			);
			dependencies = (
			);
			name = "Bankaks-Bill-Payment-Assessment";
			productName = "Bankaks-Bill-Payment-Assessment";
			productReference = 6E3E98322573BDE0008462A3 /* Bankaks-Bill-Payment-Assessment.app */;
			productType = "com.apple.product-type.application";
		};
/* End PBXNativeTarget section */

/* Begin PBXProject section */
		6E3E982A2573BDE0008462A3 /* Project object */ = {
			isa = PBXProject;
			attributes = {
				LastSwiftUpdateCheck = 1230;
				LastUpgradeCheck = 1230;
				TargetAttributes = {
					6E3E98312573BDE0008462A3 = {
						CreatedOnToolsVersion = 12.3;
					};
				};
			};
			buildConfigurationList = 6E3E982D2573BDE0008462A3 /* Build configuration list for PBXProject "Bankaks-Bill-Payment-Assessment" */;
			compatibilityVersion = "Xcode 9.3";
			developmentRegion = en;
			hasScannedForEncodings = 0;
			knownRegions = (
				en,
				Base,
			);
			mainGroup = 6E3E98292573BDE0008462A3;
			productRefGroup = 6E3E98332573BDE0008462A3 /* Products */;
			projectDirPath = "";
			projectRoot = "";
			targets = (
				6E3E98312573BDE0008462A3 /* Bankaks-Bill-Payment-Assessment */,
			);
		};
/* End PBXProject section */

/* Begin PBXResourcesBuildPhase section */
		6E3E98302573BDE0008462A3 /* Resources */ = {
			isa = PBXResourcesBuildPhase;
			buildActionMask = 2147483647;
			files = (
				6E3E985825758F59008462A3 /* InputTextCell.xib in Resources */,
				6E3E98422573BDE4008462A3 /* LaunchScreen.storyboard in Resources */,
				6E3E985325758CA9008462A3 /* ServiceCell.xib in Resources */,
				6E3E983F2573BDE4008462A3 /* Assets.xcassets in Resources */,
				6E3E983D2573BDE0008462A3 /* Main.storyboard in Resources */,
			);
			runOnlyForDeploymentPostprocessing = 0;
		};
/* End PBXResourcesBuildPhase section */

/* Begin PBXShellScriptBuildPhase section */
		1A23410F35B71395FB4A9E51 /* [CP] Check Pods Manifest.lock */ = {
			isa = PBXShellScriptBuildPhase;
			buildActionMask = 2147483647;
			files = (
			);
			inputFileListPaths = (
			);
			inputPaths = (
				"${PODS_PODFILE_DIR_PATH}/Podfile.lock",
				"${PODS_ROOT}/Manifest.lock",
			);
			name = "[CP] Check Pods Manifest.lock";
			outputFileListPaths = (
			);
			outputPaths = (
				"$(DERIVED_FILE_DIR)/Pods-Bankaks-Bill-Payment-Assessment-checkManifestLockResult.txt",
			);
			runOnlyForDeploymentPostprocessing = 0;
			shellPath = /bin/sh;
			shellScript = "diff \"${PODS_PODFILE_DIR_PATH}/Podfile.lock\" \"${PODS_ROOT}/Manifest.lock\" > /dev/null\nif [ $? != 0 ] ; then\n    # print error to STDERR\n    echo \"error: The sandbox is not in sync with the Podfile.lock. Run 'pod install' or update your CocoaPods installation.\" >&2\n    exit 1\nfi\n# This output is used by Xcode 'outputs' to avoid re-running this script phase.\necho \"SUCCESS\" > \"${SCRIPT_OUTPUT_FILE_0}\"\n";
			showEnvVarsInLog = 0;
		};
		2523F0F3418BD0500997237A /* [CP] Embed Pods Frameworks */ = {
			isa = PBXShellScriptBuildPhase;
			buildActionMask = 2147483647;
			files = (
			);
			inputFileListPaths = (
				"${PODS_ROOT}/Target Support Files/Pods-Bankaks-Bill-Payment-Assessment/Pods-Bankaks-Bill-Payment-Assessment-frameworks-${CONFIGURATION}-input-files.xcfilelist",
			);
			name = "[CP] Embed Pods Frameworks";
			outputFileListPaths = (
				"${PODS_ROOT}/Target Support Files/Pods-Bankaks-Bill-Payment-Assessment/Pods-Bankaks-Bill-Payment-Assessment-frameworks-${CONFIGURATION}-output-files.xcfilelist",
			);
			runOnlyForDeploymentPostprocessing = 0;
			shellPath = /bin/sh;
			shellScript = "\"${PODS_ROOT}/Target Support Files/Pods-Bankaks-Bill-Payment-Assessment/Pods-Bankaks-Bill-Payment-Assessment-frameworks.sh\"\n";
			showEnvVarsInLog = 0;
		};
/* End PBXShellScriptBuildPhase section */

/* Begin PBXSourcesBuildPhase section */
		6E3E982E2573BDE0008462A3 /* Sources */ = {
			isa = PBXSourcesBuildPhase;
			buildActionMask = 2147483647;
			files = (
				6E57E69325766676006CEAC7 /* ApiBillClient.swift in Sources */,
				6E57E6A625766BB0006CEAC7 /* BillField.swift in Sources */,
				6E57E69E257666E0006CEAC7 /* Bill.swift in Sources */,
				6E57E6892576652A006CEAC7 /* BaseRequestProtocol.swift in Sources */,
				6E57E6AC25766D3F006CEAC7 /* FieldUIType.swift in Sources */,
				6E3E985225758CA9008462A3 /* ServiceCell.swift in Sources */,
				6E57E65A2576576F006CEAC7 /* ServicesViewModel.swift in Sources */,
				6E57E69A25766688006CEAC7 /* ApiBillRouter.swift in Sources */,
				6E57E67725765CC5006CEAC7 /* TableViewExtension.swift in Sources */,
				6E3E98362573BDE0008462A3 /* AppDelegate.swift in Sources */,
				6E57E6A925766D28006CEAC7 /* FieldType.swift in Sources */,
				6E57E6AF25766DE5006CEAC7 /* DropDownValue.swift in Sources */,
				6E57E68C2576653A006CEAC7 /* NetworkPublisher.swift in Sources */,
				6E3E98382573BDE0008462A3 /* SceneDelegate.swift in Sources */,
				6E57E68525766511006CEAC7 /* Constants.swift in Sources */,
				6E57E68225766110006CEAC7 /* Service.swift in Sources */,
				6E57E6B525767C57006CEAC7 /* UIViewControllerExtension.swift in Sources */,
				6E57E67E25765F78006CEAC7 /* ServicesViewController.swift in Sources */,
				6E57E6B225766FDD006CEAC7 /* BillViewController.swift in Sources */,
				6E57E6BC25767F18006CEAC7 /* DataRespond.swift in Sources */,
				6E57E65D25765793006CEAC7 /* BillViewModel.swift in Sources */,
				6E3E985725758F59008462A3 /* InputTextCell.swift in Sources */,
			);
			runOnlyForDeploymentPostprocessing = 0;
		};
/* End PBXSourcesBuildPhase section */

/* Begin PBXVariantGroup section */
		6E3E983B2573BDE0008462A3 /* Main.storyboard */ = {
			isa = PBXVariantGroup;
			children = (
				6E3E983C2573BDE0008462A3 /* Base */,
			);
			name = Main.storyboard;
			sourceTree = "<group>";
		};
		6E3E98402573BDE4008462A3 /* LaunchScreen.storyboard */ = {
			isa = PBXVariantGroup;
			children = (
				6E3E98412573BDE4008462A3 /* Base */,
			);
			name = LaunchScreen.storyboard;
			sourceTree = "<group>";
		};
/* End PBXVariantGroup section */

/* Begin XCBuildConfiguration section */
		6E3E98442573BDE4008462A3 /* Debug */ = {
			isa = XCBuildConfiguration;
			buildSettings = {
				ALWAYS_SEARCH_USER_PATHS = NO;
				CLANG_ANALYZER_NONNULL = YES;
				CLANG_ANALYZER_NUMBER_OBJECT_CONVERSION = YES_AGGRESSIVE;
				CLANG_CXX_LANGUAGE_STANDARD = "gnu++14";
				CLANG_CXX_LIBRARY = "libc++";
				CLANG_ENABLE_MODULES = YES;
				CLANG_ENABLE_OBJC_ARC = YES;
				CLANG_ENABLE_OBJC_WEAK = YES;
				CLANG_WARN_BLOCK_CAPTURE_AUTORELEASING = YES;
				CLANG_WARN_BOOL_CONVERSION = YES;
				CLANG_WARN_COMMA = YES;
				CLANG_WARN_CONSTANT_CONVERSION = YES;
				CLANG_WARN_DEPRECATED_OBJC_IMPLEMENTATIONS = YES;
				CLANG_WARN_DIRECT_OBJC_ISA_USAGE = YES_ERROR;
				CLANG_WARN_DOCUMENTATION_COMMENTS = YES;
				CLANG_WARN_EMPTY_BODY = YES;
				CLANG_WARN_ENUM_CONVERSION = YES;
				CLANG_WARN_INFINITE_RECURSION = YES;
				CLANG_WARN_INT_CONVERSION = YES;
				CLANG_WARN_NON_LITERAL_NULL_CONVERSION = YES;
				CLANG_WARN_OBJC_IMPLICIT_RETAIN_SELF = YES;
				CLANG_WARN_OBJC_LITERAL_CONVERSION = YES;
				CLANG_WARN_OBJC_ROOT_CLASS = YES_ERROR;
				CLANG_WARN_QUOTED_INCLUDE_IN_FRAMEWORK_HEADER = YES;
				CLANG_WARN_RANGE_LOOP_ANALYSIS = YES;
				CLANG_WARN_STRICT_PROTOTYPES = YES;
				CLANG_WARN_SUSPICIOUS_MOVE = YES;
				CLANG_WARN_UNGUARDED_AVAILABILITY = YES_AGGRESSIVE;
				CLANG_WARN_UNREACHABLE_CODE = YES;
				CLANG_WARN__DUPLICATE_METHOD_MATCH = YES;
				COPY_PHASE_STRIP = NO;
				DEBUG_INFORMATION_FORMAT = dwarf;
				ENABLE_STRICT_OBJC_MSGSEND = YES;
				ENABLE_TESTABILITY = YES;
				GCC_C_LANGUAGE_STANDARD = gnu11;
				GCC_DYNAMIC_NO_PIC = NO;
				GCC_NO_COMMON_BLOCKS = YES;
				GCC_OPTIMIZATION_LEVEL = 0;
				GCC_PREPROCESSOR_DEFINITIONS = (
					"DEBUG=1",
					"$(inherited)",
				);
				GCC_WARN_64_TO_32_BIT_CONVERSION = YES;
				GCC_WARN_ABOUT_RETURN_TYPE = YES_ERROR;
				GCC_WARN_UNDECLARED_SELECTOR = YES;
				GCC_WARN_UNINITIALIZED_AUTOS = YES_AGGRESSIVE;
				GCC_WARN_UNUSED_FUNCTION = YES;
				GCC_WARN_UNUSED_VARIABLE = YES;
				IPHONEOS_DEPLOYMENT_TARGET = 14.3;
				MTL_ENABLE_DEBUG_INFO = INCLUDE_SOURCE;
				MTL_FAST_MATH = YES;
				ONLY_ACTIVE_ARCH = YES;
				SDKROOT = iphoneos;
				SWIFT_ACTIVE_COMPILATION_CONDITIONS = DEBUG;
				SWIFT_OPTIMIZATION_LEVEL = "-Onone";
			};
			name = Debug;
		};
		6E3E98452573BDE4008462A3 /* Release */ = {
			isa = XCBuildConfiguration;
			buildSettings = {
				ALWAYS_SEARCH_USER_PATHS = NO;
				CLANG_ANALYZER_NONNULL = YES;
				CLANG_ANALYZER_NUMBER_OBJECT_CONVERSION = YES_AGGRESSIVE;
				CLANG_CXX_LANGUAGE_STANDARD = "gnu++14";
				CLANG_CXX_LIBRARY = "libc++";
				CLANG_ENABLE_MODULES = YES;
				CLANG_ENABLE_OBJC_ARC = YES;
				CLANG_ENABLE_OBJC_WEAK = YES;
				CLANG_WARN_BLOCK_CAPTURE_AUTORELEASING = YES;
				CLANG_WARN_BOOL_CONVERSION = YES;
				CLANG_WARN_COMMA = YES;
				CLANG_WARN_CONSTANT_CONVERSION = YES;
				CLANG_WARN_DEPRECATED_OBJC_IMPLEMENTATIONS = YES;
				CLANG_WARN_DIRECT_OBJC_ISA_USAGE = YES_ERROR;
				CLANG_WARN_DOCUMENTATION_COMMENTS = YES;
				CLANG_WARN_EMPTY_BODY = YES;
				CLANG_WARN_ENUM_CONVERSION = YES;
				CLANG_WARN_INFINITE_RECURSION = YES;
				CLANG_WARN_INT_CONVERSION = YES;
				CLANG_WARN_NON_LITERAL_NULL_CONVERSION = YES;
				CLANG_WARN_OBJC_IMPLICIT_RETAIN_SELF = YES;
				CLANG_WARN_OBJC_LITERAL_CONVERSION = YES;
				CLANG_WARN_OBJC_ROOT_CLASS = YES_ERROR;
				CLANG_WARN_QUOTED_INCLUDE_IN_FRAMEWORK_HEADER = YES;
				CLANG_WARN_RANGE_LOOP_ANALYSIS = YES;
				CLANG_WARN_STRICT_PROTOTYPES = YES;
				CLANG_WARN_SUSPICIOUS_MOVE = YES;
				CLANG_WARN_UNGUARDED_AVAILABILITY = YES_AGGRESSIVE;
				CLANG_WARN_UNREACHABLE_CODE = YES;
				CLANG_WARN__DUPLICATE_METHOD_MATCH = YES;
				COPY_PHASE_STRIP = NO;
				DEBUG_INFORMATION_FORMAT = "dwarf-with-dsym";
				ENABLE_NS_ASSERTIONS = NO;
				ENABLE_STRICT_OBJC_MSGSEND = YES;
				GCC_C_LANGUAGE_STANDARD = gnu11;
				GCC_NO_COMMON_BLOCKS = YES;
				GCC_WARN_64_TO_32_BIT_CONVERSION = YES;
				GCC_WARN_ABOUT_RETURN_TYPE = YES_ERROR;
				GCC_WARN_UNDECLARED_SELECTOR = YES;
				GCC_WARN_UNINITIALIZED_AUTOS = YES_AGGRESSIVE;
				GCC_WARN_UNUSED_FUNCTION = YES;
				GCC_WARN_UNUSED_VARIABLE = YES;
				IPHONEOS_DEPLOYMENT_TARGET = 14.3;
				MTL_ENABLE_DEBUG_INFO = NO;
				MTL_FAST_MATH = YES;
				SDKROOT = iphoneos;
				SWIFT_COMPILATION_MODE = wholemodule;
				SWIFT_OPTIMIZATION_LEVEL = "-O";
				VALIDATE_PRODUCT = YES;
			};
			name = Release;
		};
		6E3E98472573BDE4008462A3 /* Debug */ = {
			isa = XCBuildConfiguration;
			baseConfigurationReference = 87126C6A5EF420DE0281263A /* Pods-Bankaks-Bill-Payment-Assessment.debug.xcconfig */;
			buildSettings = {
				ASSETCATALOG_COMPILER_APPICON_NAME = AppIcon;
				ASSETCATALOG_COMPILER_GLOBAL_ACCENT_COLOR_NAME = AccentColor;
				CODE_SIGN_STYLE = Automatic;
				INFOPLIST_FILE = "Bankaks-Bill-Payment-Assessment/Info.plist";
				LD_RUNPATH_SEARCH_PATHS = (
					"$(inherited)",
					"@executable_path/Frameworks",
				);
				PRODUCT_BUNDLE_IDENTIFIER = "Bankaks.Bankaks-Bill-Payment-Assessment";
				PRODUCT_NAME = "$(TARGET_NAME)";
				SWIFT_VERSION = 5.0;
				TARGETED_DEVICE_FAMILY = "1,2";
			};
			name = Debug;
		};
		6E3E98482573BDE4008462A3 /* Release */ = {
			isa = XCBuildConfiguration;
			baseConfigurationReference = D96ADF203549660632B14EF0 /* Pods-Bankaks-Bill-Payment-Assessment.release.xcconfig */;
			buildSettings = {
				ASSETCATALOG_COMPILER_APPICON_NAME = AppIcon;
				ASSETCATALOG_COMPILER_GLOBAL_ACCENT_COLOR_NAME = AccentColor;
				CODE_SIGN_STYLE = Automatic;
				INFOPLIST_FILE = "Bankaks-Bill-Payment-Assessment/Info.plist";
				LD_RUNPATH_SEARCH_PATHS = (
					"$(inherited)",
					"@executable_path/Frameworks",
				);
				PRODUCT_BUNDLE_IDENTIFIER = "Bankaks.Bankaks-Bill-Payment-Assessment";
				PRODUCT_NAME = "$(TARGET_NAME)";
				SWIFT_VERSION = 5.0;
				TARGETED_DEVICE_FAMILY = "1,2";
			};
			name = Release;
		};
/* End XCBuildConfiguration section */

/* Begin XCConfigurationList section */
		6E3E982D2573BDE0008462A3 /* Build configuration list for PBXProject "Bankaks-Bill-Payment-Assessment" */ = {
			isa = XCConfigurationList;
			buildConfigurations = (
				6E3E98442573BDE4008462A3 /* Debug */,
				6E3E98452573BDE4008462A3 /* Release */,
			);
			defaultConfigurationIsVisible = 0;
			defaultConfigurationName = Release;
		};
		6E3E98462573BDE4008462A3 /* Build configuration list for PBXNativeTarget "Bankaks-Bill-Payment-Assessment" */ = {
			isa = XCConfigurationList;
			buildConfigurations = (
				6E3E98472573BDE4008462A3 /* Debug */,
				6E3E98482573BDE4008462A3 /* Release */,
			);
			defaultConfigurationIsVisible = 0;
			defaultConfigurationName = Release;
		};
/* End XCConfigurationList section */
	};
	rootObject = 6E3E982A2573BDE0008462A3 /* Project object */;
}
